
Microsoft Visual Studio Solution File, Format Version 12.00
# Visual Studio Version 16
VisualStudioVersion = 16.0.31112.23
MinimumVisualStudioVersion = 10.0.40219.1
Project("{FAE04EC0-301F-11D3-BF4B-00C04F79EFBC}") = "InMemoryDB", "InMemoryDB.csproj", "{8D67927D-292C-4CEA-A311-57420E5348D5}"
EndProject
Global
	GlobalSection(SolutionConfigurationPlatforms) = preSolution
		Debug|Any CPU = Debug|Any CPU
		Release|Any CPU = Release|Any CPU
	EndGlobalSection
	GlobalSection(ProjectConfigurationPlatforms) = postSolution
		{8D67927D-292C-4CEA-A311-57420E5348D5}.Debug|Any CPU.ActiveCfg = Debug|Any CPU
		{8D67927D-292C-4CEA-A311-57420E5348D5}.Debug|Any CPU.Build.0 = Debug|Any CPU
		{8D67927D-292C-4CEA-A311-57420E5348D5}.Release|Any CPU.ActiveCfg = Release|Any CPU
		{8D67927D-292C-4CEA-A311-57420E5348D5}.Release|Any CPU.Build.0 = Release|Any CPU
	EndGlobalSection
	GlobalSection(SolutionProperties) = preSolution
		HideSolutionNode = FALSE
	EndGlobalSection
	GlobalSection(ExtensibilityGlobals) = postSolution
		SolutionGuid = {E2758C81-9DA2-4930-BE8C-4FEC921F308C}
	EndGlobalSection
EndGlobal
